
Microsoft Visual Studio Solution File, Format Version 12.00
# Visual Studio 15
VisualStudioVersion = 15.0.28010.2036
MinimumVisualStudioVersion = 10.0.40219.1
Project("{FAE04EC0-301F-11D3-BF4B-00C04F79EFBC}") = "CHOMP_DEMO", "CHOMP_DEMO\CHOMP_DEMO.csproj", "{815B615B-3AFB-4FB6-A05F-29DE34738314}"
EndProject
Global
	GlobalSection(SolutionConfigurationPlatforms) = preSolution
		Debug|Any CPU = Debug|Any CPU
		Release|Any CPU = Release|Any CPU
	EndGlobalSection
	GlobalSection(ProjectConfigurationPlatforms) = postSolution
		{815B615B-3AFB-4FB6-A05F-29DE34738314}.Debug|Any CPU.ActiveCfg = Debug|Any CPU
		{815B615B-3AFB-4FB6-A05F-29DE34738314}.Debug|Any CPU.Build.0 = Debug|Any CPU
		{815B615B-3AFB-4FB6-A05F-29DE34738314}.Release|Any CPU.ActiveCfg = Release|Any CPU
		{815B615B-3AFB-4FB6-A05F-29DE34738314}.Release|Any CPU.Build.0 = Release|Any CPU
	EndGlobalSection
	GlobalSection(SolutionProperties) = preSolution
		HideSolutionNode = FALSE
	EndGlobalSection
	GlobalSection(ExtensibilityGlobals) = postSolution
		SolutionGuid = {1BF29B8D-379F-4734-B74B-77803345B17C}
	EndGlobalSection
EndGlobal
